
Microsoft Visual Studio Solution File, Format Version 12.00
# Visual Studio Version 17
VisualStudioVersion = 17.2.32602.215
MinimumVisualStudioVersion = 10.0.40219.1
Project("{FAE04EC0-301F-11D3-BF4B-00C04F79EFBC}") = "HelloWorld", "HelloWorld\HelloWorld.csproj", "{5D0DCAB4-96FA-4FA8-B0F2-1D8A6B905C1C}"
EndProject
Global
	GlobalSection(SolutionConfigurationPlatforms) = preSolution
		Debug|Any CPU = Debug|Any CPU
		Release|Any CPU = Release|Any CPU
	EndGlobalSection
	GlobalSection(ProjectConfigurationPlatforms) = postSolution
		{5D0DCAB4-96FA-4FA8-B0F2-1D8A6B905C1C}.Debug|Any CPU.ActiveCfg = Debug|Any CPU
		{5D0DCAB4-96FA-4FA8-B0F2-1D8A6B905C1C}.Debug|Any CPU.Build.0 = Debug|Any CPU
		{5D0DCAB4-96FA-4FA8-B0F2-1D8A6B905C1C}.Release|Any CPU.ActiveCfg = Release|Any CPU
		{5D0DCAB4-96FA-4FA8-B0F2-1D8A6B905C1C}.Release|Any CPU.Build.0 = Release|Any CPU
	EndGlobalSection
	GlobalSection(SolutionProperties) = preSolution
		HideSolutionNode = FALSE
	EndGlobalSection
	GlobalSection(ExtensibilityGlobals) = postSolution
		SolutionGuid = {D71A9AFF-EAF8-451D-A005-8B28AC8CE60B}
	EndGlobalSection
EndGlobal
